
Microsoft Visual Studio Solution File, Format Version 12.00
# Visual Studio Version 17
VisualStudioVersion = 17.14.36930.0 d17.14
MinimumVisualStudioVersion = 10.0.40219.1
Project("{FAE04EC0-301F-11D3-BF4B-00C04F79EFBC}") = "TaskManager", "TaskManager\TaskManager.csproj", "{21173118-A714-41D1-A32F-C2FEFE8E857A}"
EndProject
Global
	GlobalSection(SolutionConfigurationPlatforms) = preSolution
		Debug|Any CPU = Debug|Any CPU
		Release|Any CPU = Release|Any CPU
	EndGlobalSection
	GlobalSection(ProjectConfigurationPlatforms) = postSolution
		{21173118-A714-41D1-A32F-C2FEFE8E857A}.Debug|Any CPU.ActiveCfg = Debug|Any CPU
		{21173118-A714-41D1-A32F-C2FEFE8E857A}.Debug|Any CPU.Build.0 = Debug|Any CPU
		{21173118-A714-41D1-A32F-C2FEFE8E857A}.Release|Any CPU.ActiveCfg = Release|Any CPU
		{21173118-A714-41D1-A32F-C2FEFE8E857A}.Release|Any CPU.Build.0 = Release|Any CPU
	EndGlobalSection
	GlobalSection(SolutionProperties) = preSolution
		HideSolutionNode = FALSE
	EndGlobalSection
	GlobalSection(ExtensibilityGlobals) = postSolution
		SolutionGuid = {6EBD3FCA-74DB-4437-9709-7ED02351581F}
	EndGlobalSection
EndGlobal
