
Microsoft Visual Studio Solution File, Format Version 12.00
# Visual Studio Version 17
VisualStudioVersion = 17.14.36930.0
MinimumVisualStudioVersion = 10.0.40219.1
Project("{FAE04EC0-301F-11D3-BF4B-00C04F79EFBC}") = "TaskManager", "TaskManager\TaskManager.csproj", "{21173118-A714-41D1-A32F-C2FEFE8E857A}"
EndProject
Project("{FAE04EC0-301F-11D3-BF4B-00C04F79EFBC}") = "TaskManager.Tests", "TaskManager.Tests\TaskManager.Tests.csproj", "{DB17E884-8516-41A0-9360-26A568DFC290}"
EndProject
Global
	GlobalSection(SolutionConfigurationPlatforms) = preSolution
		Debug|Any CPU = Debug|Any CPU
		Debug|x64 = Debug|x64
		Debug|x86 = Debug|x86
		Release|Any CPU = Release|Any CPU
		Release|x64 = Release|x64
		Release|x86 = Release|x86
	EndGlobalSection
	GlobalSection(ProjectConfigurationPlatforms) = postSolution
		{21173118-A714-41D1-A32F-C2FEFE8E857A}.Debug|Any CPU.ActiveCfg = Debug|Any CPU
		{21173118-A714-41D1-A32F-C2FEFE8E857A}.Debug|Any CPU.Build.0 = Debug|Any CPU
		{21173118-A714-41D1-A32F-C2FEFE8E857A}.Debug|x64.ActiveCfg = Debug|Any CPU
		{21173118-A714-41D1-A32F-C2FEFE8E857A}.Debug|x64.Build.0 = Debug|Any CPU
		{21173118-A714-41D1-A32F-C2FEFE8E857A}.Debug|x86.ActiveCfg = Debug|Any CPU
		{21173118-A714-41D1-A32F-C2FEFE8E857A}.Debug|x86.Build.0 = Debug|Any CPU
		{21173118-A714-41D1-A32F-C2FEFE8E857A}.Release|Any CPU.ActiveCfg = Release|Any CPU
		{21173118-A714-41D1-A32F-C2FEFE8E857A}.Release|Any CPU.Build.0 = Release|Any CPU
		{21173118-A714-41D1-A32F-C2FEFE8E857A}.Release|x64.ActiveCfg = Release|Any CPU
		{21173118-A714-41D1-A32F-C2FEFE8E857A}.Release|x64.Build.0 = Release|Any CPU
		{21173118-A714-41D1-A32F-C2FEFE8E857A}.Release|x86.ActiveCfg = Release|Any CPU
		{21173118-A714-41D1-A32F-C2FEFE8E857A}.Release|x86.Build.0 = Release|Any CPU
		{DB17E884-8516-41A0-9360-26A568DFC290}.Debug|Any CPU.ActiveCfg = Debug|Any CPU
		{DB17E884-8516-41A0-9360-26A568DFC290}.Debug|Any CPU.Build.0 = Debug|Any CPU
		{DB17E884-8516-41A0-9360-26A568DFC290}.Debug|x64.ActiveCfg = Debug|Any CPU
		{DB17E884-8516-41A0-9360-26A568DFC290}.Debug|x64.Build.0 = Debug|Any CPU
		{DB17E884-8516-41A0-9360-26A568DFC290}.Debug|x86.ActiveCfg = Debug|Any CPU
		{DB17E884-8516-41A0-9360-26A568DFC290}.Debug|x86.Build.0 = Debug|Any CPU
		{DB17E884-8516-41A0-9360-26A568DFC290}.Release|Any CPU.ActiveCfg = Release|Any CPU
		{DB17E884-8516-41A0-9360-26A568DFC290}.Release|Any CPU.Build.0 = Release|Any CPU
		{DB17E884-8516-41A0-9360-26A568DFC290}.Release|x64.ActiveCfg = Release|Any CPU
		{DB17E884-8516-41A0-9360-26A568DFC290}.Release|x64.Build.0 = Release|Any CPU
		{DB17E884-8516-41A0-9360-26A568DFC290}.Release|x86.ActiveCfg = Release|Any CPU
		{DB17E884-8516-41A0-9360-26A568DFC290}.Release|x86.Build.0 = Release|Any CPU
	EndGlobalSection
	GlobalSection(SolutionProperties) = preSolution
		HideSolutionNode = FALSE
	EndGlobalSection
	GlobalSection(ExtensibilityGlobals) = postSolution
		SolutionGuid = {6EBD3FCA-74DB-4437-9709-7ED02351581F}
	EndGlobalSection
EndGlobal
